
Microsoft Visual Studio Solution File, Format Version 12.00
# Visual Studio 15
VisualStudioVersion = 15.0.28307.271
MinimumVisualStudioVersion = 10.0.40219.1
Project("{FAE04EC0-301F-11D3-BF4B-00C04F79EFBC}") = "ProyectoCoreStream", "ProyectoCoreStream\ProyectoCoreStream.csproj", "{BDDB279A-9F58-45D2-B819-B7BC1DEE9BEF}"
EndProject
Global
	GlobalSection(SolutionConfigurationPlatforms) = preSolution
		Debug|Any CPU = Debug|Any CPU
		Release|Any CPU = Release|Any CPU
	EndGlobalSection
	GlobalSection(ProjectConfigurationPlatforms) = postSolution
		{BDDB279A-9F58-45D2-B819-B7BC1DEE9BEF}.Debug|Any CPU.ActiveCfg = Debug|Any CPU
		{BDDB279A-9F58-45D2-B819-B7BC1DEE9BEF}.Debug|Any CPU.Build.0 = Debug|Any CPU
		{BDDB279A-9F58-45D2-B819-B7BC1DEE9BEF}.Release|Any CPU.ActiveCfg = Release|Any CPU
		{BDDB279A-9F58-45D2-B819-B7BC1DEE9BEF}.Release|Any CPU.Build.0 = Release|Any CPU
	EndGlobalSection
	GlobalSection(SolutionProperties) = preSolution
		HideSolutionNode = FALSE
	EndGlobalSection
	GlobalSection(ExtensibilityGlobals) = postSolution
		SolutionGuid = {74CB7775-8913-4C43-BD6A-4BD8046EDFAD}
	EndGlobalSection
EndGlobal
